{
  "name": "manual",
  "version": "0.1.0",
  "lockfileVersion": 2,
  "requires": true,
  "packages": {
    "": {
      "name": "manual",
      "version": "0.1.0",
      "devDependencies": {
        "@asciidoctor/core": "^4.1.0",
        "mathjax": "^4.1.3"
      }
    },
    "node_modules/@asciidoctor/core": {
      "version": "4.1.0",
      "resolved": "https://registry.npmjs.org/@asciidoctor/core/-/core-4.1.0.tgz",
      "integrity": "sha512-3PpZu3m0V2lT2jljqsH0LJukaMdm8cpv0tuTMijiiwTBSUrVlEd8NBwzH5iyGlS3yPI6i3ZaaNL6enXelOVpRg==",
      "dev": true,
      "license": "MIT",
      "engines": {
        "node": ">=20"
      },
      "peerDependencies": {
        "highlight.js": "^11.0.0"
      },
      "peerDependenciesMeta": {
        "highlight.js": {
          "optional": true
        }
      }
    },
    "node_modules/@mathjax/mathjax-newcm-font": {
      "version": "4.1.3",
      "resolved": "https://registry.npmjs.org/@mathjax/mathjax-newcm-font/-/mathjax-newcm-font-4.1.3.tgz",
      "integrity": "sha512-gzAB3dFHilHX1l5x2xUqRL+1jDQt3Fyza1DkEMVXWC4E8SvsGdlgEza47HYi2WhVcgfkvf4zgUGzuhbq3Pjlew==",
      "dev": true,
      "license": "Apache-2.0"
    },
    "node_modules/mathjax": {
      "version": "4.1.3",
      "resolved": "https://registry.npmjs.org/mathjax/-/mathjax-4.1.3.tgz",
      "integrity": "sha512-BN/8Pkgn7G1pIDYJqd9md+JHsE/jydSYbyOZnSdSA0WziuVO8mRxdYiWFumkVVly/8U+hm9DpIIoWuvySverzw==",
      "dev": true,
      "license": "Apache-2.0",
      "dependencies": {
        "@mathjax/mathjax-newcm-font": "^4.1.3"
      }
    }
  },
  "dependencies": {
    "@asciidoctor/core": {
      "version": "4.1.0",
      "resolved": "https://registry.npmjs.org/@asciidoctor/core/-/core-4.1.0.tgz",
      "integrity": "sha512-3PpZu3m0V2lT2jljqsH0LJukaMdm8cpv0tuTMijiiwTBSUrVlEd8NBwzH5iyGlS3yPI6i3ZaaNL6enXelOVpRg==",
      "dev": true,
      "requires": {}
    },
    "@mathjax/mathjax-newcm-font": {
      "version": "4.1.3",
      "resolved": "https://registry.npmjs.org/@mathjax/mathjax-newcm-font/-/mathjax-newcm-font-4.1.3.tgz",
      "integrity": "sha512-gzAB3dFHilHX1l5x2xUqRL+1jDQt3Fyza1DkEMVXWC4E8SvsGdlgEza47HYi2WhVcgfkvf4zgUGzuhbq3Pjlew==",
      "dev": true
    },
    "mathjax": {
      "version": "4.1.3",
      "resolved": "https://registry.npmjs.org/mathjax/-/mathjax-4.1.3.tgz",
      "integrity": "sha512-BN/8Pkgn7G1pIDYJqd9md+JHsE/jydSYbyOZnSdSA0WziuVO8mRxdYiWFumkVVly/8U+hm9DpIIoWuvySverzw==",
      "dev": true,
      "requires": {
        "@mathjax/mathjax-newcm-font": "^4.1.3"
      }
    }
  }
}
